
Microsoft Visual Studio Solution File, Format Version 12.00
# Visual Studio Version 17
VisualStudioVersion = 17.3.32819.101
MinimumVisualStudioVersion = 10.0.40219.1
Project("{2150E333-8FDC-42A3-9474-1A3956D46DE8}") = "Services", "Services", "{AD48B622-8E24-4454-9231-F814A288E7F3}"
EndProject
Project("{9A19103F-16F7-4668-BE54-9A1E7A4F7556}") = "Roomed.Services.Data", "Services\Roomed.Services.Data\Roomed.Services.Data.csproj", "{20C783D0-E956-4E98-A67C-CC0C68F00E97}"
EndProject
Project("{9A19103F-16F7-4668-BE54-9A1E7A4F7556}") = "Roomed.Services.Mapping", "Services\Roomed.Services.Mapping\Roomed.Services.Mapping.csproj", "{B8236BC5-5AE8-4D86-963F-AB706DBBCD8A}"
EndProject
Project("{9A19103F-16F7-4668-BE54-9A1E7A4F7556}") = "Roomed.Services.Json", "Services\Roomed.Services.Json\Roomed.Services.Json.csproj", "{8C01147F-923F-4394-A100-D22E2558C6C6}"
EndProject
Project("{2150E333-8FDC-42A3-9474-1A3956D46DE8}") = "Web", "Web", "{60977292-2337-41EC-81B7-CD603B9D8AA9}"
EndProject
Project("{9A19103F-16F7-4668-BE54-9A1E7A4F7556}") = "Roomed.Web.ViewModels", "Web\Roomed.Web.ViewModels\Roomed.Web.ViewModels.csproj", "{965AF17D-15A9-474F-8CD7-75FF1E2E7821}"
EndProject
Project("{9A19103F-16F7-4668-BE54-9A1E7A4F7556}") = "Roomed.Web", "Web\Roomed.Web\Roomed.Web.csproj", "{60A45F55-5AC3-4C66-B64A-301296FAC4F0}"
EndProject
Project("{2150E333-8FDC-42A3-9474-1A3956D46DE8}") = "Tests", "Tests", "{0B699F47-389C-43DE-929D-A5941C324E9A}"
EndProject
Project("{9A19103F-16F7-4668-BE54-9A1E7A4F7556}") = "Roomed.Services.Data.Tests", "Tests\Roomed.Services.Data.Tests\Roomed.Services.Data.Tests.csproj", "{3A583C4C-6728-483B-BF25-E689A69D4A99}"
EndProject
Project("{9A19103F-16F7-4668-BE54-9A1E7A4F7556}") = "Roomed.Data.Tests", "Tests\Roomed.Data.Tests\Roomed.Data.Tests.csproj", "{AD42C97B-F07D-4D91-A676-B05182098A2C}"
EndProject
Project("{9A19103F-16F7-4668-BE54-9A1E7A4F7556}") = "Roomed.Tests.Common", "Tests\Roomed.Tests.Common\Roomed.Tests.Common.csproj", "{2EECED73-CFDC-49DA-AB71-1D1139F495FE}"
EndProject
Project("{9A19103F-16F7-4668-BE54-9A1E7A4F7556}") = "Roomed.Common", "Roomed.Common\Roomed.Common.csproj", "{B30BAC3E-B12D-48DF-A2A2-8F1F2E12C59D}"
EndProject
Project("{FAE04EC0-301F-11D3-BF4B-00C04F79EFBC}") = "Roomed.Tests.Sandbox", "Tests\Roomed.Tests.Sandbox\Roomed.Tests.Sandbox.csproj", "{E7559541-CA44-4795-8C55-CEEBBB8F0599}"
EndProject
Project("{2150E333-8FDC-42A3-9474-1A3956D46DE8}") = "Domain", "Domain", "{996CEBED-A05B-5D42-3FF0-982E087A2599}"
EndProject
Project("{FAE04EC0-301F-11D3-BF4B-00C04F79EFBC}") = "Roomed.Domain.Common", "Domain\Roomed.Domain.Common\Roomed.Domain.Common.csproj", "{FF5A12D6-6FE6-4A41-ABCF-A0FE433C52AB}"
EndProject
Project("{FAE04EC0-301F-11D3-BF4B-00C04F79EFBC}") = "Roomed.Domain.Facility", "Domain\Roomed.Domain.Facility\Roomed.Domain.Facility.csproj", "{2451582C-C5C6-490F-9FBA-392C5AF7B5AD}"
EndProject
Project("{FAE04EC0-301F-11D3-BF4B-00C04F79EFBC}") = "Roomed.Domain.Guests", "Domain\Roomed.Domain.Guests\Roomed.Domain.Guests.csproj", "{1F0589BB-32BE-41B6-864F-AA917F6B334F}"
EndProject
Project("{FAE04EE-301F-11D3-BF4B-00C04F79EFBC}") = "Roomed.Domain.Identity", "Domain\Roomed.Domain.Identity\Roomed.Domain.Identity.csproj", "{19394145-C150-477C-A635-4DE54F45C340}"
EndProject
Project("{FAE04EC0-301F-11D3-BF4B-00C04F79EFBC}") = "Roomed.Domain.Reservations", "Domain\Roomed.Domain.Reservations\Roomed.Domain.Reservations.csproj", "{7FA585A3-3A71-4BD0-A436-C9B26CE03713}"
EndProject
Project("{2150E333-8FDC-42A3-9474-1A3956D46DE8}") = "Infrastructure", "Infrastructure", "{DFEE68D8-A7D0-1A41-506C-9B74AA9A7B7B}"
EndProject
Project("{FAE04EC0-301F-11D3-BF4B-00C04F79EFBC}") = "Roomed.Infrastructure.Common", "Infrastructure\Roomed.Infrastructure.Common\Roomed.Infrastructure.Common.csproj", "{3AED0C51-8B29-40C1-8C11-85EFE3D31BC2}"
EndProject
Project("{FAE04EC0-301F-11D3-BF4B-00C04F79EFBC}") = "Roomed.Infrastructure.Facility", "Infrastructure\Roomed.Infrastructure.Facility\Roomed.Infrastructure.Facility.csproj", "{81A93102-9CB4-4AD6-91D4-0782751B9C6C}"
EndProject
Project("{FAE04EC0-301F-11D3-BF4B-00C04F79EFBC}") = "Roomed.Infrastructure.Guests", "Infrastructure\Roomed.Infrastructure.Guests\Roomed.Infrastructure.Guests.csproj", "{E5776341-CD2C-48CB-BD98-2703F1F7030A}"
EndProject
Project("{FAE04EC0-301F-11D3-BF4B-00C04F79EFBC}") = "Roomed.Infrastructure.Identity", "Infrastructure\Roomed.Infrastructure.Identity\Roomed.Infrastructure.Identity.csproj", "{0DC0D462-A2D7-4486-9DD1-45A8851ACB60}"
EndProject
Project("{FAE04EC0-301F-11D3-BF4B-00C04F79EFBC}") = "Roomed.Infrastructure.Reservations", "Infrastructure\Roomed.Infrastructure.Reservations\Roomed.Infrastructure.Reservations.csproj", "{0429A5A0-DFCB-4352-BACF-013C198E9AD7}"
EndProject
Project("{2150E333-8FDC-42A3-9474-1A3956D46DE8}") = "Solution items", "Solution items", "{B9A99DBA-E1D9-47E8-A9E2-C1070A833301}"
	ProjectSection(SolutionItems) = preProject
		Directory.Packages.props = Directory.Packages.props
	EndProjectSection
EndProject
Global
	GlobalSection(SolutionConfigurationPlatforms) = preSolution
		Debug|Any CPU = Debug|Any CPU
		Debug|x64 = Debug|x64
		Debug|x86 = Debug|x86
		Release|Any CPU = Release|Any CPU
		Release|x64 = Release|x64
		Release|x86 = Release|x86
	EndGlobalSection
	GlobalSection(ProjectConfigurationPlatforms) = postSolution
		{20C783D0-E956-4E98-A67C-CC0C68F00E97}.Debug|Any CPU.ActiveCfg = Debug|Any CPU
		{20C783D0-E956-4E98-A67C-CC0C68F00E97}.Debug|Any CPU.Build.0 = Debug|Any CPU
		{20C783D0-E956-4E98-A67C-CC0C68F00E97}.Debug|x64.ActiveCfg = Debug|Any CPU
		{20C783D0-E956-4E98-A67C-CC0C68F00E97}.Debug|x64.Build.0 = Debug|Any CPU
		{20C783D0-E956-4E98-A67C-CC0C68F00E97}.Debug|x86.ActiveCfg = Debug|Any CPU
		{20C783D0-E956-4E98-A67C-CC0C68F00E97}.Debug|x86.Build.0 = Debug|Any CPU
		{20C783D0-E956-4E98-A67C-CC0C68F00E97}.Release|Any CPU.ActiveCfg = Release|Any CPU
		{20C783D0-E956-4E98-A67C-CC0C68F00E97}.Release|Any CPU.Build.0 = Release|Any CPU
		{20C783D0-E956-4E98-A67C-CC0C68F00E97}.Release|x64.ActiveCfg = Release|Any CPU
		{20C783D0-E956-4E98-A67C-CC0C68F00E97}.Release|x64.Build.0 = Release|Any CPU
		{20C783D0-E956-4E98-A67C-CC0C68F00E97}.Release|x86.ActiveCfg = Release|Any CPU
		{20C783D0-E956-4E98-A67C-CC0C68F00E97}.Release|x86.Build.0 = Release|Any CPU
		{B8236BC5-5AE8-4D86-963F-AB706DBBCD8A}.Debug|Any CPU.ActiveCfg = Debug|Any CPU
		{B8236BC5-5AE8-4D86-963F-AB706DBBCD8A}.Debug|Any CPU.Build.0 = Debug|Any CPU
		{B8236BC5-5AE8-4D86-963F-AB706DBBCD8A}.Debug|x64.ActiveCfg = Debug|Any CPU
		{B8236BC5-5AE8-4D86-963F-AB706DBBCD8A}.Debug|x64.Build.0 = Debug|Any CPU
		{B8236BC5-5AE8-4D86-963F-AB706DBBCD8A}.Debug|x86.ActiveCfg = Debug|Any CPU
		{B8236BC5-5AE8-4D86-963F-AB706DBBCD8A}.Debug|x86.Build.0 = Debug|Any CPU
		{B8236BC5-5AE8-4D86-963F-AB706DBBCD8A}.Release|Any CPU.ActiveCfg = Release|Any CPU
		{B8236BC5-5AE8-4D86-963F-AB706DBBCD8A}.Release|Any CPU.Build.0 = Release|Any CPU
		{B8236BC5-5AE8-4D86-963F-AB706DBBCD8A}.Release|x64.ActiveCfg = Release|Any CPU
		{B8236BC5-5AE8-4D86-963F-AB706DBBCD8A}.Release|x64.Build.0 = Release|Any CPU
		{B8236BC5-5AE8-4D86-963F-AB706DBBCD8A}.Release|x86.ActiveCfg = Release|Any CPU
		{B8236BC5-5AE8-4D86-963F-AB706DBBCD8A}.Release|x86.Build.0 = Release|Any CPU
		{8C01147F-923F-4394-A100-D22E2558C6C6}.Debug|Any CPU.ActiveCfg = Debug|Any CPU
		{8C01147F-923F-4394-A100-D22E2558C6C6}.Debug|Any CPU.Build.0 = Debug|Any CPU
		{8C01147F-923F-4394-A100-D22E2558C6C6}.Debug|x64.ActiveCfg = Debug|Any CPU
		{8C01147F-923F-4394-A100-D22E2558C6C6}.Debug|x64.Build.0 = Debug|Any CPU
		{8C01147F-923F-4394-A100-D22E2558C6C6}.Debug|x86.ActiveCfg = Debug|Any CPU
		{8C01147F-923F-4394-A100-D22E2558C6C6}.Debug|x86.Build.0 = Debug|Any CPU
		{8C01147F-923F-4394-A100-D22E2558C6C6}.Release|Any CPU.ActiveCfg = Release|Any CPU
		{8C01147F-923F-4394-A100-D22E2558C6C6}.Release|Any CPU.Build.0 = Release|Any CPU
		{8C01147F-923F-4394-A100-D22E2558C6C6}.Release|x64.ActiveCfg = Release|Any CPU
		{8C01147F-923F-4394-A100-D22E2558C6C6}.Release|x64.Build.0 = Release|Any CPU
		{8C01147F-923F-4394-A100-D22E2558C6C6}.Release|x86.ActiveCfg = Release|Any CPU
		{8C01147F-923F-4394-A100-D22E2558C6C6}.Release|x86.Build.0 = Release|Any CPU
		{965AF17D-15A9-474F-8CD7-75FF1E2E7821}.Debug|Any CPU.ActiveCfg = Debug|Any CPU
		{965AF17D-15A9-474F-8CD7-75FF1E2E7821}.Debug|Any CPU.Build.0 = Debug|Any CPU
		{965AF17D-15A9-474F-8CD7-75FF1E2E7821}.Debug|x64.ActiveCfg = Debug|Any CPU
		{965AF17D-15A9-474F-8CD7-75FF1E2E7821}.Debug|x64.Build.0 = Debug|Any CPU
		{965AF17D-15A9-474F-8CD7-75FF1E2E7821}.Debug|x86.ActiveCfg = Debug|Any CPU
		{965AF17D-15A9-474F-8CD7-75FF1E2E7821}.Debug|x86.Build.0 = Debug|Any CPU
		{965AF17D-15A9-474F-8CD7-75FF1E2E7821}.Release|Any CPU.ActiveCfg = Release|Any CPU
		{965AF17D-15A9-474F-8CD7-75FF1E2E7821}.Release|Any CPU.Build.0 = Release|Any CPU
		{965AF17D-15A9-474F-8CD7-75FF1E2E7821}.Release|x64.ActiveCfg = Release|Any CPU
		{965AF17D-15A9-474F-8CD7-75FF1E2E7821}.Release|x64.Build.0 = Release|Any CPU
		{965AF17D-15A9-474F-8CD7-75FF1E2E7821}.Release|x86.ActiveCfg = Release|Any CPU
		{965AF17D-15A9-474F-8CD7-75FF1E2E7821}.Release|x86.Build.0 = Release|Any CPU
		{60A45F55-5AC3-4C66-B64A-301296FAC4F0}.Debug|Any CPU.ActiveCfg = Debug|Any CPU
		{60A45F55-5AC3-4C66-B64A-301296FAC4F0}.Debug|Any CPU.Build.0 = Debug|Any CPU
		{60A45F55-5AC3-4C66-B64A-301296FAC4F0}.Debug|x64.ActiveCfg = Debug|Any CPU
		{60A45F55-5AC3-4C66-B64A-301296FAC4F0}.Debug|x64.Build.0 = Debug|Any CPU
		{60A45F55-5AC3-4C66-B64A-301296FAC4F0}.Debug|x86.ActiveCfg = Debug|Any CPU
		{60A45F55-5AC3-4C66-B64A-301296FAC4F0}.Debug|x86.Build.0 = Debug|Any CPU
		{60A45F55-5AC3-4C66-B64A-301296FAC4F0}.Release|Any CPU.ActiveCfg = Release|Any CPU
		{60A45F55-5AC3-4C66-B64A-301296FAC4F0}.Release|Any CPU.Build.0 = Release|Any CPU
		{60A45F55-5AC3-4C66-B64A-301296FAC4F0}.Release|x64.ActiveCfg = Release|Any CPU
		{60A45F55-5AC3-4C66-B64A-301296FAC4F0}.Release|x64.Build.0 = Release|Any CPU
		{60A45F55-5AC3-4C66-B64A-301296FAC4F0}.Release|x86.ActiveCfg = Release|Any CPU
		{60A45F55-5AC3-4C66-B64A-301296FAC4F0}.Release|x86.Build.0 = Release|Any CPU
		{3A583C4C-6728-483B-BF25-E689A69D4A99}.Debug|Any CPU.ActiveCfg = Debug|Any CPU
		{3A583C4C-6728-483B-BF25-E689A69D4A99}.Debug|Any CPU.Build.0 = Debug|Any CPU
		{3A583C4C-6728-483B-BF25-E689A69D4A99}.Debug|x64.ActiveCfg = Debug|Any CPU
		{3A583C4C-6728-483B-BF25-E689A69D4A99}.Debug|x64.Build.0 = Debug|Any CPU
		{3A583C4C-6728-483B-BF25-E689A69D4A99}.Debug|x86.ActiveCfg = Debug|Any CPU
		{3A583C4C-6728-483B-BF25-E689A69D4A99}.Debug|x86.Build.0 = Debug|Any CPU
		{3A583C4C-6728-483B-BF25-E689A69D4A99}.Release|Any CPU.ActiveCfg = Release|Any CPU
		{3A583C4C-6728-483B-BF25-E689A69D4A99}.Release|Any CPU.Build.0 = Release|Any CPU
		{3A583C4C-6728-483B-BF25-E689A69D4A99}.Release|x64.ActiveCfg = Release|Any CPU
		{3A583C4C-6728-483B-BF25-E689A69D4A99}.Release|x64.Build.0 = Release|Any CPU
		{3A583C4C-6728-483B-BF25-E689A69D4A99}.Release|x86.ActiveCfg = Release|Any CPU
		{3A583C4C-6728-483B-BF25-E689A69D4A99}.Release|x86.Build.0 = Release|Any CPU
		{AD42C97B-F07D-4D91-A676-B05182098A2C}.Debug|Any CPU.ActiveCfg = Debug|Any CPU
		{AD42C97B-F07D-4D91-A676-B05182098A2C}.Debug|Any CPU.Build.0 = Debug|Any CPU
		{AD42C97B-F07D-4D91-A676-B05182098A2C}.Debug|x64.ActiveCfg = Debug|Any CPU
		{AD42C97B-F07D-4D91-A676-B05182098A2C}.Debug|x64.Build.0 = Debug|Any CPU
		{AD42C97B-F07D-4D91-A676-B05182098A2C}.Debug|x86.ActiveCfg = Debug|Any CPU
		{AD42C97B-F07D-4D91-A676-B05182098A2C}.Debug|x86.Build.0 = Debug|Any CPU
		{AD42C97B-F07D-4D91-A676-B05182098A2C}.Release|Any CPU.ActiveCfg = Release|Any CPU
		{AD42C97B-F07D-4D91-A676-B05182098A2C}.Release|Any CPU.Build.0 = Release|Any CPU
		{AD42C97B-F07D-4D91-A676-B05182098A2C}.Release|x64.ActiveCfg = Release|Any CPU
		{AD42C97B-F07D-4D91-A676-B05182098A2C}.Release|x64.Build.0 = Release|Any CPU
		{AD42C97B-F07D-4D91-A676-B05182098A2C}.Release|x86.ActiveCfg = Release|Any CPU
		{AD42C97B-F07D-4D91-A676-B05182098A2C}.Release|x86.Build.0 = Release|Any CPU
		{2EECED73-CFDC-49DA-AB71-1D1139F495FE}.Debug|Any CPU.ActiveCfg = Debug|Any CPU
		{2EECED73-CFDC-49DA-AB71-1D1139F495FE}.Debug|Any CPU.Build.0 = Debug|Any CPU
		{2EECED73-CFDC-49DA-AB71-1D1139F495FE}.Debug|x64.ActiveCfg = Debug|Any CPU
		{2EECED73-CFDC-49DA-AB71-1D1139F495FE}.Debug|x64.Build.0 = Debug|Any CPU
		{2EECED73-CFDC-49DA-AB71-1D1139F495FE}.Debug|x86.ActiveCfg = Debug|Any CPU
		{2EECED73-CFDC-49DA-AB71-1D1139F495FE}.Debug|x86.Build.0 = Debug|Any CPU
		{2EECED73-CFDC-49DA-AB71-1D1139F495FE}.Release|Any CPU.ActiveCfg = Release|Any CPU
		{2EECED73-CFDC-49DA-AB71-1D1139F495FE}.Release|Any CPU.Build.0 = Release|Any CPU
		{2EECED73-CFDC-49DA-AB71-1D1139F495FE}.Release|x64.ActiveCfg = Release|Any CPU
		{2EECED73-CFDC-49DA-AB71-1D1139F495FE}.Release|x64.Build.0 = Release|Any CPU
		{2EECED73-CFDC-49DA-AB71-1D1139F495FE}.Release|x86.ActiveCfg = Release|Any CPU
		{2EECED73-CFDC-49DA-AB71-1D1139F495FE}.Release|x86.Build.0 = Release|Any CPU
		{B30BAC3E-B12D-48DF-A2A2-8F1F2E12C59D}.Debug|Any CPU.ActiveCfg = Debug|Any CPU
		{B30BAC3E-B12D-48DF-A2A2-8F1F2E12C59D}.Debug|Any CPU.Build.0 = Debug|Any CPU
		{B30BAC3E-B12D-48DF-A2A2-8F1F2E12C59D}.Debug|x64.ActiveCfg = Debug|Any CPU
		{B30BAC3E-B12D-48DF-A2A2-8F1F2E12C59D}.Debug|x64.Build.0 = Debug|Any CPU
		{B30BAC3E-B12D-48DF-A2A2-8F1F2E12C59D}.Debug|x86.ActiveCfg = Debug|Any CPU
		{B30BAC3E-B12D-48DF-A2A2-8F1F2E12C59D}.Debug|x86.Build.0 = Debug|Any CPU
		{B30BAC3E-B12D-48DF-A2A2-8F1F2E12C59D}.Release|Any CPU.ActiveCfg = Release|Any CPU
		{B30BAC3E-B12D-48DF-A2A2-8F1F2E12C59D}.Release|Any CPU.Build.0 = Release|Any CPU
		{B30BAC3E-B12D-48DF-A2A2-8F1F2E12C59D}.Release|x64.ActiveCfg = Release|Any CPU
		{B30BAC3E-B12D-48DF-A2A2-8F1F2E12C59D}.Release|x64.Build.0 = Release|Any CPU
		{B30BAC3E-B12D-48DF-A2A2-8F1F2E12C59D}.Release|x86.ActiveCfg = Release|Any CPU
		{B30BAC3E-B12D-48DF-A2A2-8F1F2E12C59D}.Release|x86.Build.0 = Release|Any CPU
		{E7559541-CA44-4795-8C55-CEEBBB8F0599}.Debug|Any CPU.ActiveCfg = Debug|Any CPU
		{E7559541-CA44-4795-8C55-CEEBBB8F0599}.Debug|Any CPU.Build.0 = Debug|Any CPU
		{E7559541-CA44-4795-8C55-CEEBBB8F0599}.Debug|x64.ActiveCfg = Debug|Any CPU
		{E7559541-CA44-4795-8C55-CEEBBB8F0599}.Debug|x64.Build.0 = Debug|Any CPU
		{E7559541-CA44-4795-8C55-CEEBBB8F0599}.Debug|x86.ActiveCfg = Debug|Any CPU
		{E7559541-CA44-4795-8C55-CEEBBB8F0599}.Debug|x86.Build.0 = Debug|Any CPU
		{E7559541-CA44-4795-8C55-CEEBBB8F0599}.Release|Any CPU.ActiveCfg = Release|Any CPU
		{E7559541-CA44-4795-8C55-CEEBBB8F0599}.Release|Any CPU.Build.0 = Release|Any CPU
		{E7559541-CA44-4795-8C55-CEEBBB8F0599}.Release|x64.ActiveCfg = Release|Any CPU
		{E7559541-CA44-4795-8C55-CEEBBB8F0599}.Release|x64.Build.0 = Release|Any CPU
		{E7559541-CA44-4795-8C55-CEEBBB8F0599}.Release|x86.ActiveCfg = Release|Any CPU
		{E7559541-CA44-4795-8C55-CEEBBB8F0599}.Release|x86.Build.0 = Release|Any CPU
		{FF5A12D6-6FE6-4A41-ABCF-A0FE433C52AB}.Debug|Any CPU.ActiveCfg = Debug|Any CPU
		{FF5A12D6-6FE6-4A41-ABCF-A0FE433C52AB}.Debug|Any CPU.Build.0 = Debug|Any CPU
		{FF5A12D6-6FE6-4A41-ABCF-A0FE433C52AB}.Debug|x64.ActiveCfg = Debug|Any CPU
		{FF5A12D6-6FE6-4A41-ABCF-A0FE433C52AB}.Debug|x64.Build.0 = Debug|Any CPU
		{FF5A12D6-6FE6-4A41-ABCF-A0FE433C52AB}.Debug|x86.ActiveCfg = Debug|Any CPU
		{FF5A12D6-6FE6-4A41-ABCF-A0FE433C52AB}.Debug|x86.Build.0 = Debug|Any CPU
		{FF5A12D6-6FE6-4A41-ABCF-A0FE433C52AB}.Release|Any CPU.ActiveCfg = Release|Any CPU
		{FF5A12D6-6FE6-4A41-ABCF-A0FE433C52AB}.Release|Any CPU.Build.0 = Release|Any CPU
		{FF5A12D6-6FE6-4A41-ABCF-A0FE433C52AB}.Release|x64.ActiveCfg = Release|Any CPU
		{FF5A12D6-6FE6-4A41-ABCF-A0FE433C52AB}.Release|x64.Build.0 = Release|Any CPU
		{FF5A12D6-6FE6-4A41-ABCF-A0FE433C52AB}.Release|x86.ActiveCfg = Release|Any CPU
		{FF5A12D6-6FE6-4A41-ABCF-A0FE433C52AB}.Release|x86.Build.0 = Release|Any CPU
		{2451582C-C5C6-490F-9FBA-392C5AF7B5AD}.Debug|Any CPU.ActiveCfg = Debug|Any CPU
		{2451582C-C5C6-490F-9FBA-392C5AF7B5AD}.Debug|Any CPU.Build.0 = Debug|Any CPU
		{2451582C-C5C6-490F-9FBA-392C5AF7B5AD}.Debug|x64.ActiveCfg = Debug|Any CPU
		{2451582C-C5C6-490F-9FBA-392C5AF7B5AD}.Debug|x64.Build.0 = Debug|Any CPU
		{2451582C-C5C6-490F-9FBA-392C5AF7B5AD}.Debug|x86.ActiveCfg = Debug|Any CPU
		{2451582C-C5C6-490F-9FBA-392C5AF7B5AD}.Debug|x86.Build.0 = Debug|Any CPU
		{2451582C-C5C6-490F-9FBA-392C5AF7B5AD}.Release|Any CPU.ActiveCfg = Release|Any CPU
		{2451582C-C5C6-490F-9FBA-392C5AF7B5AD}.Release|Any CPU.Build.0 = Release|Any CPU
		{2451582C-C5C6-490F-9FBA-392C5AF7B5AD}.Release|x64.ActiveCfg = Release|Any CPU
		{2451582C-C5C6-490F-9FBA-392C5AF7B5AD}.Release|x64.Build.0 = Release|Any CPU
		{2451582C-C5C6-490F-9FBA-392C5AF7B5AD}.Release|x86.ActiveCfg = Release|Any CPU
		{2451582C-C5C6-490F-9FBA-392C5AF7B5AD}.Release|x86.Build.0 = Release|Any CPU
		{1F0589BB-32BE-41B6-864F-AA917F6B334F}.Debug|Any CPU.ActiveCfg = Debug|Any CPU
		{1F0589BB-32BE-41B6-864F-AA917F6B334F}.Debug|Any CPU.Build.0 = Debug|Any CPU
		{1F0589BB-32BE-41B6-864F-AA917F6B334F}.Debug|x64.ActiveCfg = Debug|Any CPU
		{1F0589BB-32BE-41B6-864F-AA917F6B334F}.Debug|x64.Build.0 = Debug|Any CPU
		{1F0589BB-32BE-41B6-864F-AA917F6B334F}.Debug|x86.ActiveCfg = Debug|Any CPU
		{1F0589BB-32BE-41B6-864F-AA917F6B334F}.Debug|x86.Build.0 = Debug|Any CPU
		{1F0589BB-32BE-41B6-864F-AA917F6B334F}.Release|Any CPU.ActiveCfg = Release|Any CPU
		{1F0589BB-32BE-41B6-864F-AA917F6B334F}.Release|Any CPU.Build.0 = Release|Any CPU
		{1F0589BB-32BE-41B6-864F-AA917F6B334F}.Release|x64.ActiveCfg = Release|Any CPU
		{1F0589BB-32BE-41B6-864F-AA917F6B334F}.Release|x64.Build.0 = Release|Any CPU
		{1F0589BB-32BE-41B6-864F-AA917F6B334F}.Release|x86.ActiveCfg = Release|Any CPU
		{1F0589BB-32BE-41B6-864F-AA917F6B334F}.Release|x86.Build.0 = Release|Any CPU
		{19394145-C150-477C-A635-4DE54F45C340}.Debug|Any CPU.ActiveCfg = Debug|Any CPU
		{19394145-C150-477C-A635-4DE54F45C340}.Debug|Any CPU.Build.0 = Debug|Any CPU
		{19394145-C150-477C-A635-4DE54F45C340}.Debug|x64.ActiveCfg = Debug|Any CPU
		{19394145-C150-477C-A635-4DE54F45C340}.Debug|x64.Build.0 = Debug|Any CPU
		{19394145-C150-477C-A635-4DE54F45C340}.Debug|x86.ActiveCfg = Debug|Any CPU
		{19394145-C150-477C-A635-4DE54F45C340}.Debug|x86.Build.0 = Debug|Any CPU
		{19394145-C150-477C-A635-4DE54F45C340}.Release|Any CPU.ActiveCfg = Release|Any CPU
		{19394145-C150-477C-A635-4DE54F45C340}.Release|Any CPU.Build.0 = Release|Any CPU
		{19394145-C150-477C-A635-4DE54F45C340}.Release|x64.ActiveCfg = Release|Any CPU
		{19394145-C150-477C-A635-4DE54F45C340}.Release|x64.Build.0 = Release|Any CPU
		{19394145-C150-477C-A635-4DE54F45C340}.Release|x86.ActiveCfg = Release|Any CPU
		{19394145-C150-477C-A635-4DE54F45C340}.Release|x86.Build.0 = Release|Any CPU
		{7FA585A3-3A71-4BD0-A436-C9B26CE03713}.Debug|Any CPU.ActiveCfg = Debug|Any CPU
		{7FA585A3-3A71-4BD0-A436-C9B26CE03713}.Debug|Any CPU.Build.0 = Debug|Any CPU
		{7FA585A3-3A71-4BD0-A436-C9B26CE03713}.Debug|x64.ActiveCfg = Debug|Any CPU
		{7FA585A3-3A71-4BD0-A436-C9B26CE03713}.Debug|x64.Build.0 = Debug|Any CPU
		{7FA585A3-3A71-4BD0-A436-C9B26CE03713}.Debug|x86.ActiveCfg = Debug|Any CPU
		{7FA585A3-3A71-4BD0-A436-C9B26CE03713}.Debug|x86.Build.0 = Debug|Any CPU
		{7FA585A3-3A71-4BD0-A436-C9B26CE03713}.Release|Any CPU.ActiveCfg = Release|Any CPU
		{7FA585A3-3A71-4BD0-A436-C9B26CE03713}.Release|Any CPU.Build.0 = Release|Any CPU
		{7FA585A3-3A71-4BD0-A436-C9B26CE03713}.Release|x64.ActiveCfg = Release|Any CPU
		{7FA585A3-3A71-4BD0-A436-C9B26CE03713}.Release|x64.Build.0 = Release|Any CPU
		{7FA585A3-3A71-4BD0-A436-C9B26CE03713}.Release|x86.ActiveCfg = Release|Any CPU
		{7FA585A3-3A71-4BD0-A436-C9B26CE03713}.Release|x86.Build.0 = Release|Any CPU
		{3AED0C51-8B29-40C1-8C11-85EFE3D31BC2}.Debug|Any CPU.ActiveCfg = Debug|Any CPU
		{3AED0C51-8B29-40C1-8C11-85EFE3D31BC2}.Debug|Any CPU.Build.0 = Debug|Any CPU
		{3AED0C51-8B29-40C1-8C11-85EFE3D31BC2}.Debug|x64.ActiveCfg = Debug|Any CPU
		{3AED0C51-8B29-40C1-8C11-85EFE3D31BC2}.Debug|x64.Build.0 = Debug|Any CPU
		{3AED0C51-8B29-40C1-8C11-85EFE3D31BC2}.Debug|x86.ActiveCfg = Debug|Any CPU
		{3AED0C51-8B29-40C1-8C11-85EFE3D31BC2}.Debug|x86.Build.0 = Debug|Any CPU
		{3AED0C51-8B29-40C1-8C11-85EFE3D31BC2}.Release|Any CPU.ActiveCfg = Release|Any CPU
		{3AED0C51-8B29-40C1-8C11-85EFE3D31BC2}.Release|Any CPU.Build.0 = Release|Any CPU
		{3AED0C51-8B29-40C1-8C11-85EFE3D31BC2}.Release|x64.ActiveCfg = Release|Any CPU
		{3AED0C51-8B29-40C1-8C11-85EFE3D31BC2}.Release|x64.Build.0 = Release|Any CPU
		{3AED0C51-8B29-40C1-8C11-85EFE3D31BC2}.Release|x86.ActiveCfg = Release|Any CPU
		{3AED0C51-8B29-40C1-8C11-85EFE3D31BC2}.Release|x86.Build.0 = Release|Any CPU
		{81A93102-9CB4-4AD6-91D4-0782751B9C6C}.Debug|Any CPU.ActiveCfg = Debug|Any CPU
		{81A93102-9CB4-4AD6-91D4-0782751B9C6C}.Debug|Any CPU.Build.0 = Debug|Any CPU
		{81A93102-9CB4-4AD6-91D4-0782751B9C6C}.Debug|x64.ActiveCfg = Debug|Any CPU
		{81A93102-9CB4-4AD6-91D4-0782751B9C6C}.Debug|x64.Build.0 = Debug|Any CPU
		{81A93102-9CB4-4AD6-91D4-0782751B9C6C}.Debug|x86.ActiveCfg = Debug|Any CPU
		{81A93102-9CB4-4AD6-91D4-0782751B9C6C}.Debug|x86.Build.0 = Debug|Any CPU
		{81A93102-9CB4-4AD6-91D4-0782751B9C6C}.Release|Any CPU.ActiveCfg = Release|Any CPU
		{81A93102-9CB4-4AD6-91D4-0782751B9C6C}.Release|Any CPU.Build.0 = Release|Any CPU
		{81A93102-9CB4-4AD6-91D4-0782751B9C6C}.Release|x64.ActiveCfg = Release|Any CPU
		{81A93102-9CB4-4AD6-91D4-0782751B9C6C}.Release|x64.Build.0 = Release|Any CPU
		{81A93102-9CB4-4AD6-91D4-0782751B9C6C}.Release|x86.ActiveCfg = Release|Any CPU
		{81A93102-9CB4-4AD6-91D4-0782751B9C6C}.Release|x86.Build.0 = Release|Any CPU
		{E5776341-CD2C-48CB-BD98-2703F1F7030A}.Debug|Any CPU.ActiveCfg = Debug|Any CPU
		{E5776341-CD2C-48CB-BD98-2703F1F7030A}.Debug|Any CPU.Build.0 = Debug|Any CPU
		{E5776341-CD2C-48CB-BD98-2703F1F7030A}.Debug|x64.ActiveCfg = Debug|Any CPU
		{E5776341-CD2C-48CB-BD98-2703F1F7030A}.Debug|x64.Build.0 = Debug|Any CPU
		{E5776341-CD2C-48CB-BD98-2703F1F7030A}.Debug|x86.ActiveCfg = Debug|Any CPU
		{E5776341-CD2C-48CB-BD98-2703F1F7030A}.Debug|x86.Build.0 = Debug|Any CPU
		{E5776341-CD2C-48CB-BD98-2703F1F7030A}.Release|Any CPU.ActiveCfg = Release|Any CPU
		{E5776341-CD2C-48CB-BD98-2703F1F7030A}.Release|Any CPU.Build.0 = Release|Any CPU
		{E5776341-CD2C-48CB-BD98-2703F1F7030A}.Release|x64.ActiveCfg = Release|Any CPU
		{E5776341-CD2C-48CB-BD98-2703F1F7030A}.Release|x64.Build.0 = Release|Any CPU
		{E5776341-CD2C-48CB-BD98-2703F1F7030A}.Release|x86.ActiveCfg = Release|Any CPU
		{E5776341-CD2C-48CB-BD98-2703F1F7030A}.Release|x86.Build.0 = Release|Any CPU
		{0DC0D462-A2D7-4486-9DD1-45A8851ACB60}.Debug|Any CPU.ActiveCfg = Debug|Any CPU
		{0DC0D462-A2D7-4486-9DD1-45A8851ACB60}.Debug|Any CPU.Build.0 = Debug|Any CPU
		{0DC0D462-A2D7-4486-9DD1-45A8851ACB60}.Debug|x64.ActiveCfg = Debug|Any CPU
		{0DC0D462-A2D7-4486-9DD1-45A8851ACB60}.Debug|x64.Build.0 = Debug|Any CPU
		{0DC0D462-A2D7-4486-9DD1-45A8851ACB60}.Debug|x86.ActiveCfg = Debug|Any CPU
		{0DC0D462-A2D7-4486-9DD1-45A8851ACB60}.Debug|x86.Build.0 = Debug|Any CPU
		{0DC0D462-A2D7-4486-9DD1-45A8851ACB60}.Release|Any CPU.ActiveCfg = Release|Any CPU
		{0DC0D462-A2D7-4486-9DD1-45A8851ACB60}.Release|Any CPU.Build.0 = Release|Any CPU
		{0DC0D462-A2D7-4486-9DD1-45A8851ACB60}.Release|x64.ActiveCfg = Release|Any CPU
		{0DC0D462-A2D7-4486-9DD1-45A8851ACB60}.Release|x64.Build.0 = Release|Any CPU
		{0DC0D462-A2D7-4486-9DD1-45A8851ACB60}.Release|x86.ActiveCfg = Release|Any CPU
		{0DC0D462-A2D7-4486-9DD1-45A8851ACB60}.Release|x86.Build.0 = Release|Any CPU
		{0429A5A0-DFCB-4352-BACF-013C198E9AD7}.Debug|Any CPU.ActiveCfg = Debug|Any CPU
		{0429A5A0-DFCB-4352-BACF-013C198E9AD7}.Debug|Any CPU.Build.0 = Debug|Any CPU
		{0429A5A0-DFCB-4352-BACF-013C198E9AD7}.Debug|x64.ActiveCfg = Debug|Any CPU
		{0429A5A0-DFCB-4352-BACF-013C198E9AD7}.Debug|x64.Build.0 = Debug|Any CPU
		{0429A5A0-DFCB-4352-BACF-013C198E9AD7}.Debug|x86.ActiveCfg = Debug|Any CPU
		{0429A5A0-DFCB-4352-BACF-013C198E9AD7}.Debug|x86.Build.0 = Debug|Any CPU
		{0429A5A0-DFCB-4352-BACF-013C198E9AD7}.Release|Any CPU.ActiveCfg = Release|Any CPU
		{0429A5A0-DFCB-4352-BACF-013C198E9AD7}.Release|Any CPU.Build.0 = Release|Any CPU
		{0429A5A0-DFCB-4352-BACF-013C198E9AD7}.Release|x64.ActiveCfg = Release|Any CPU
		{0429A5A0-DFCB-4352-BACF-013C198E9AD7}.Release|x64.Build.0 = Release|Any CPU
		{0429A5A0-DFCB-4352-BACF-013C198E9AD7}.Release|x86.ActiveCfg = Release|Any CPU
		{0429A5A0-DFCB-4352-BACF-013C198E9AD7}.Release|x86.Build.0 = Release|Any CPU
	EndGlobalSection
	GlobalSection(SolutionProperties) = preSolution
		HideSolutionNode = FALSE
	EndGlobalSection
	GlobalSection(NestedProjects) = preSolution
		{20C783D0-E956-4E98-A67C-CC0C68F00E97} = {AD48B622-8E24-4454-9231-F814A288E7F3}
		{B8236BC5-5AE8-4D86-963F-AB706DBBCD8A} = {AD48B622-8E24-4454-9231-F814A288E7F3}
		{8C01147F-923F-4394-A100-D22E2558C6C6} = {AD48B622-8E24-4454-9231-F814A288E7F3}
		{965AF17D-15A9-474F-8CD7-75FF1E2E7821} = {60977292-2337-41EC-81B7-CD603B9D8AA9}
		{60A45F55-5AC3-4C66-B64A-301296FAC4F0} = {60977292-2337-41EC-81B7-CD603B9D8AA9}
		{3A583C4C-6728-483B-BF25-E689A69D4A99} = {0B699F47-389C-43DE-929D-A5941C324E9A}
		{AD42C97B-F07D-4D91-A676-B05182098A2C} = {0B699F47-389C-43DE-929D-A5941C324E9A}
		{2EECED73-CFDC-49DA-AB71-1D1139F495FE} = {0B699F47-389C-43DE-929D-A5941C324E9A}
		{E7559541-CA44-4795-8C55-CEEBBB8F0599} = {0B699F47-389C-43DE-929D-A5941C324E9A}
		{FF5A12D6-6FE6-4A41-ABCF-A0FE433C52AB} = {996CEBED-A05B-5D42-3FF0-982E087A2599}
		{2451582C-C5C6-490F-9FBA-392C5AF7B5AD} = {996CEBED-A05B-5D42-3FF0-982E087A2599}
		{1F0589BB-32BE-41B6-864F-AA917F6B334F} = {996CEBED-A05B-5D42-3FF0-982E087A2599}
		{19394145-C150-477C-A635-4DE54F45C340} = {996CEBED-A05B-5D42-3FF0-982E087A2599}
		{7FA585A3-3A71-4BD0-A436-C9B26CE03713} = {996CEBED-A05B-5D42-3FF0-982E087A2599}
		{3AED0C51-8B29-40C1-8C11-85EFE3D31BC2} = {DFEE68D8-A7D0-1A41-506C-9B74AA9A7B7B}
		{81A93102-9CB4-4AD6-91D4-0782751B9C6C} = {DFEE68D8-A7D0-1A41-506C-9B74AA9A7B7B}
		{E5776341-CD2C-48CB-BD98-2703F1F7030A} = {DFEE68D8-A7D0-1A41-506C-9B74AA9A7B7B}
		{0DC0D462-A2D7-4486-9DD1-45A8851ACB60} = {DFEE68D8-A7D0-1A41-506C-9B74AA9A7B7B}
		{0429A5A0-DFCB-4352-BACF-013C198E9AD7} = {DFEE68D8-A7D0-1A41-506C-9B74AA9A7B7B}
	EndGlobalSection
	GlobalSection(ExtensibilityGlobals) = postSolution
		SolutionGuid = {58B2A3AB-7DEA-49FC-919F-1AA1E81D98FE}
	EndGlobalSection
EndGlobal
