
Microsoft Visual Studio Solution File, Format Version 12.00
# Visual Studio Version 17
VisualStudioVersion = 17.3.32819.101
MinimumVisualStudioVersion = 10.0.40219.1
Project("{2150E333-8FDC-42A3-9474-1A3956D46DE8}") = "Services", "Services", "{AD48B622-8E24-4454-9231-F814A288E7F3}"
EndProject
Project("{9A19103F-16F7-4668-BE54-9A1E7A4F7556}") = "Roomed.Services.Data", "Services\Roomed.Services.Data\Roomed.Services.Data.csproj", "{20C783D0-E956-4E98-A67C-CC0C68F00E97}"
EndProject
Project("{9A19103F-16F7-4668-BE54-9A1E7A4F7556}") = "Roomed.Services.Mapping", "Services\Roomed.Services.Mapping\Roomed.Services.Mapping.csproj", "{B8236BC5-5AE8-4D86-963F-AB706DBBCD8A}"
EndProject
Project("{9A19103F-16F7-4668-BE54-9A1E7A4F7556}") = "Roomed.Services.Json", "Services\Roomed.Services.Json\Roomed.Services.Json.csproj", "{8C01147F-923F-4394-A100-D22E2558C6C6}"
EndProject
Project("{2150E333-8FDC-42A3-9474-1A3956D46DE8}") = "Web", "Web", "{60977292-2337-41EC-81B7-CD603B9D8AA9}"
EndProject
Project("{9A19103F-16F7-4668-BE54-9A1E7A4F7556}") = "Roomed.Web.ViewModels", "Web\Roomed.Web.ViewModels\Roomed.Web.ViewModels.csproj", "{965AF17D-15A9-474F-8CD7-75FF1E2E7821}"
EndProject
Project("{9A19103F-16F7-4668-BE54-9A1E7A4F7556}") = "Roomed.Web", "Web\Roomed.Web\Roomed.Web.csproj", "{60A45F55-5AC3-4C66-B64A-301296FAC4F0}"
EndProject
Project("{2150E333-8FDC-42A3-9474-1A3956D46DE8}") = "Tests", "Tests", "{0B699F47-389C-43DE-929D-A5941C324E9A}"
EndProject
Project("{9A19103F-16F7-4668-BE54-9A1E7A4F7556}") = "Roomed.Services.Data.Tests", "Tests\Roomed.Services.Data.Tests\Roomed.Services.Data.Tests.csproj", "{3A583C4C-6728-483B-BF25-E689A69D4A99}"
EndProject
Project("{9A19103F-16F7-4668-BE54-9A1E7A4F7556}") = "Roomed.Data.Tests", "Tests\Roomed.Data.Tests\Roomed.Data.Tests.csproj", "{AD42C97B-F07D-4D91-A676-B05182098A2C}"
EndProject
Project("{9A19103F-16F7-4668-BE54-9A1E7A4F7556}") = "Roomed.Tests.Common", "Tests\Roomed.Tests.Common\Roomed.Tests.Common.csproj", "{2EECED73-CFDC-49DA-AB71-1D1139F495FE}"
EndProject
Project("{9A19103F-16F7-4668-BE54-9A1E7A4F7556}") = "Roomed.Common", "Roomed.Common\Roomed.Common.csproj", "{B30BAC3E-B12D-48DF-A2A2-8F1F2E12C59D}"
EndProject
Project("{FAE04EC0-301F-11D3-BF4B-00C04F79EFBC}") = "Roomed.Tests.Sandbox", "Tests\Roomed.Tests.Sandbox\Roomed.Tests.Sandbox.csproj", "{E7559541-CA44-4795-8C55-CEEBBB8F0599}"
EndProject
Project("{2150E333-8FDC-42A3-9474-1A3956D46DE8}") = "Domain", "Domain", "{996CEBED-A05B-5D42-3FF0-982E087A2599}"
EndProject
Project("{FAE04EC0-301F-11D3-BF4B-00C04F79EFBC}") = "Roomed.Domain.Common", "Domain\Roomed.Domain.Common\Roomed.Domain.Common.csproj", "{FF5A12D6-6FE6-4A41-ABCF-A0FE433C52AB}"
EndProject
Project("{2150E333-8FDC-42A3-9474-1A3956D46DE8}") = "Infrastructure", "Infrastructure", "{DFEE68D8-A7D0-1A41-506C-9B74AA9A7B7B}"
EndProject
Project("{2150E333-8FDC-42A3-9474-1A3956D46DE8}") = "Solution items", "Solution items", "{B9A99DBA-E1D9-47E8-A9E2-C1070A833301}"
	ProjectSection(SolutionItems) = preProject
		Directory.Packages.props = Directory.Packages.props
	EndProjectSection
EndProject
Project("{2150E333-8FDC-42A3-9474-1A3956D46DE8}") = "Application", "Application", "{A74F262E-BDE7-D5D2-89E9-785413424D0A}"
EndProject
Project("{FAE04EC0-301F-11D3-BF4B-00C04F79EFBC}") = "Rommed.Application.Common", "Application\Rommed.Application.Common\Rommed.Application.Common.csproj", "{4B946A20-57E8-46FE-9FFB-17600808B20B}"
EndProject
Project("{2150E333-8FDC-42A3-9474-1A3956D46DE8}") = "Facility", "Facility", "{BB45CFEA-B7AF-DBC9-841D-F654767861A6}"
EndProject
Project("{FAE04EC0-301F-11D3-BF4B-00C04F79EFBC}") = "Roomed.Domain.Facility", "Domain\Facility\Roomed.Domain.Facility\Roomed.Domain.Facility.csproj", "{04DB8AA8-AA6B-41DC-8C7C-9E74A80D31E8}"
EndProject
Project("{2150E333-8FDC-42A3-9474-1A3956D46DE8}") = "Guests", "Guests", "{C964A823-D2D8-C08D-EB74-6A39A5939D43}"
EndProject
Project("{FAE04EC0-301F-11D3-BF4B-00C04F79EFBC}") = "Roomed.Domain.Guests", "Domain\Guests\Roomed.Domain.Guests\Roomed.Domain.Guests.csproj", "{557699A8-E53C-414A-A6DB-AF6EBA0CFB1E}"
EndProject
Project("{2150E333-8FDC-42A3-9474-1A3956D46DE8}") = "Identity", "Identity", "{60B3560F-8A13-EE8D-02B4-F4FC3856EA61}"
EndProject
Project("{FAE04EC0-301F-11D3-BF4B-00C04F79EFBC}") = "Roomed.Domain.Identity", "Domain\Identity\Roomed.Domain.Identity\Roomed.Domain.Identity.csproj", "{36CE606D-CFA6-4C3E-B42C-4A0A2939E933}"
EndProject
Project("{2150E333-8FDC-42A3-9474-1A3956D46DE8}") = "Reservations", "Reservations", "{803C8C4F-EE16-7456-6AAC-7E9B1796442E}"
EndProject
Project("{FAE04EC0-301F-11D3-BF4B-00C04F79EFBC}") = "Roomed.Domain.Reservations", "Domain\Reservations\Roomed.Domain.Reservations\Roomed.Domain.Reservations.csproj", "{4C952601-D94B-47C1-A75B-59F08F7D2394}"
EndProject
Project("{2150E333-8FDC-42A3-9474-1A3956D46DE8}") = "Facility", "Facility", "{8A3E07F9-60E6-5392-5221-D458ACB35054}"
EndProject
Project("{FAE04EC0-301F-11D3-BF4B-00C04F79EFBC}") = "Roomed.Infrastructure.Facility", "Infrastructure\Facility\Roomed.Infrastructure.Facility\Roomed.Infrastructure.Facility.csproj", "{C77E41EF-3F6E-4B18-BCDB-85782E968ACA}"
EndProject
Project("{FAE04EC0-301F-11D3-BF4B-00C04F79EFBC}") = "Roomed.Infrastructure.Common", "Infrastructure\Roomed.Infrastructure.Common\Roomed.Infrastructure.Common.csproj", "{49F6D6C0-F3CD-41ED-B9A1-6571673FDE39}"
EndProject
Project("{2150E333-8FDC-42A3-9474-1A3956D46DE8}") = "Guests", "Guests", "{8B564700-F21B-F21A-ADC0-39EDE1AD3F82}"
EndProject
Project("{FAE04EC0-301F-11D3-BF4B-00C04F79EFBC}") = "Roomed.Infrastructure.Guests", "Infrastructure\Guests\Roomed.Infrastructure.Guests\Roomed.Infrastructure.Guests.csproj", "{65145E64-728D-4B24-813E-331A8445D54B}"
EndProject
Project("{2150E333-8FDC-42A3-9474-1A3956D46DE8}") = "Reservations", "Reservations", "{34870398-2CD9-8E28-BEE8-9F95BCF7F354}"
EndProject
Project("{FAE04EC0-301F-11D3-BF4B-00C04F79EFBC}") = "Roomed.Infrastructure.Reservations", "Infrastructure\Reservations\Roomed.Infrastructure.Reservations\Roomed.Infrastructure.Reservations.csproj", "{5C113394-AFEC-4E3C-9CAD-C6478FFC1B67}"
EndProject
Project("{2150E333-8FDC-42A3-9474-1A3956D46DE8}") = "Identity", "Identity", "{5E4B0FE1-8471-0FBB-BCCC-41C5F70EC699}"
EndProject
Project("{FAE04EC0-301F-11D3-BF4B-00C04F79EFBC}") = "Roomed.Infrastructure.Identity", "Infrastructure\Identity\Roomed.Infrastructure.Identity\Roomed.Infrastructure.Identity.csproj", "{F4AF2CC3-FCE7-41DF-9DA9-BDD33C2466E1}"
EndProject
Project("{2150E333-8FDC-42A3-9474-1A3956D46DE8}") = "Facility", "Facility", "{BD14B212-FDAB-48A7-9BEC-2DED23ADA1D1}"
EndProject
Project("{FAE04EC0-301F-11D3-BF4B-00C04F79EFBC}") = "Roomed.Application.Facility", "Application\Facility\Roomed.Application.Facility\Roomed.Application.Facility.csproj", "{7861AD23-9159-4BC0-BDB7-292EB5C55BBE}"
EndProject
Project("{2150E333-8FDC-42A3-9474-1A3956D46DE8}") = "Guests", "Guests", "{7E7A8D23-3836-A58B-60FA-571D412DD10C}"
EndProject
Project("{FAE04EC0-301F-11D3-BF4B-00C04F79EFBC}") = "Roomed.Application.Guests", "Application\Guests\Roomed.Application.Guests\Roomed.Application.Guests.csproj", "{16D08F28-D073-4190-8A3B-8EEF7EAD5FF5}"
EndProject
Project("{2150E333-8FDC-42A3-9474-1A3956D46DE8}") = "Identity", "Identity", "{BD5F5EA5-56B7-71C1-A922-7567A10338CD}"
EndProject
Project("{FAE04EC0-301F-11D3-BF4B-00C04F79EFBC}") = "Roomed.Application.Identity", "Application\Identity\Roomed.Application.Identity\Roomed.Application.Identity.csproj", "{B121501E-5531-4FC6-A565-67767F9C81C5}"
EndProject
Project("{2150E333-8FDC-42A3-9474-1A3956D46DE8}") = "Reservations", "Reservations", "{EAE32559-C70E-941A-5242-754A17996FE5}"
EndProject
Project("{FAE04EC0-301F-11D3-BF4B-00C04F79EFBC}") = "Roomed.Application.Reservations", "Application\Reservations\Roomed.Application.Reservations\Roomed.Application.Reservations.csproj", "{BF340E91-F2D6-4CD4-B02F-E861471444F0}"
EndProject
Global
	GlobalSection(SolutionConfigurationPlatforms) = preSolution
		Debug|Any CPU = Debug|Any CPU
		Debug|x64 = Debug|x64
		Debug|x86 = Debug|x86
		Release|Any CPU = Release|Any CPU
		Release|x64 = Release|x64
		Release|x86 = Release|x86
	EndGlobalSection
	GlobalSection(ProjectConfigurationPlatforms) = postSolution
		{20C783D0-E956-4E98-A67C-CC0C68F00E97}.Debug|Any CPU.ActiveCfg = Debug|Any CPU
		{20C783D0-E956-4E98-A67C-CC0C68F00E97}.Debug|Any CPU.Build.0 = Debug|Any CPU
		{20C783D0-E956-4E98-A67C-CC0C68F00E97}.Debug|x64.ActiveCfg = Debug|Any CPU
		{20C783D0-E956-4E98-A67C-CC0C68F00E97}.Debug|x64.Build.0 = Debug|Any CPU
		{20C783D0-E956-4E98-A67C-CC0C68F00E97}.Debug|x86.ActiveCfg = Debug|Any CPU
		{20C783D0-E956-4E98-A67C-CC0C68F00E97}.Debug|x86.Build.0 = Debug|Any CPU
		{20C783D0-E956-4E98-A67C-CC0C68F00E97}.Release|Any CPU.ActiveCfg = Release|Any CPU
		{20C783D0-E956-4E98-A67C-CC0C68F00E97}.Release|Any CPU.Build.0 = Release|Any CPU
		{20C783D0-E956-4E98-A67C-CC0C68F00E97}.Release|x64.ActiveCfg = Release|Any CPU
		{20C783D0-E956-4E98-A67C-CC0C68F00E97}.Release|x64.Build.0 = Release|Any CPU
		{20C783D0-E956-4E98-A67C-CC0C68F00E97}.Release|x86.ActiveCfg = Release|Any CPU
		{20C783D0-E956-4E98-A67C-CC0C68F00E97}.Release|x86.Build.0 = Release|Any CPU
		{B8236BC5-5AE8-4D86-963F-AB706DBBCD8A}.Debug|Any CPU.ActiveCfg = Debug|Any CPU
		{B8236BC5-5AE8-4D86-963F-AB706DBBCD8A}.Debug|Any CPU.Build.0 = Debug|Any CPU
		{B8236BC5-5AE8-4D86-963F-AB706DBBCD8A}.Debug|x64.ActiveCfg = Debug|Any CPU
		{B8236BC5-5AE8-4D86-963F-AB706DBBCD8A}.Debug|x64.Build.0 = Debug|Any CPU
		{B8236BC5-5AE8-4D86-963F-AB706DBBCD8A}.Debug|x86.ActiveCfg = Debug|Any CPU
		{B8236BC5-5AE8-4D86-963F-AB706DBBCD8A}.Debug|x86.Build.0 = Debug|Any CPU
		{B8236BC5-5AE8-4D86-963F-AB706DBBCD8A}.Release|Any CPU.ActiveCfg = Release|Any CPU
		{B8236BC5-5AE8-4D86-963F-AB706DBBCD8A}.Release|Any CPU.Build.0 = Release|Any CPU
		{B8236BC5-5AE8-4D86-963F-AB706DBBCD8A}.Release|x64.ActiveCfg = Release|Any CPU
		{B8236BC5-5AE8-4D86-963F-AB706DBBCD8A}.Release|x64.Build.0 = Release|Any CPU
		{B8236BC5-5AE8-4D86-963F-AB706DBBCD8A}.Release|x86.ActiveCfg = Release|Any CPU
		{B8236BC5-5AE8-4D86-963F-AB706DBBCD8A}.Release|x86.Build.0 = Release|Any CPU
		{8C01147F-923F-4394-A100-D22E2558C6C6}.Debug|Any CPU.ActiveCfg = Debug|Any CPU
		{8C01147F-923F-4394-A100-D22E2558C6C6}.Debug|Any CPU.Build.0 = Debug|Any CPU
		{8C01147F-923F-4394-A100-D22E2558C6C6}.Debug|x64.ActiveCfg = Debug|Any CPU
		{8C01147F-923F-4394-A100-D22E2558C6C6}.Debug|x64.Build.0 = Debug|Any CPU
		{8C01147F-923F-4394-A100-D22E2558C6C6}.Debug|x86.ActiveCfg = Debug|Any CPU
		{8C01147F-923F-4394-A100-D22E2558C6C6}.Debug|x86.Build.0 = Debug|Any CPU
		{8C01147F-923F-4394-A100-D22E2558C6C6}.Release|Any CPU.ActiveCfg = Release|Any CPU
		{8C01147F-923F-4394-A100-D22E2558C6C6}.Release|Any CPU.Build.0 = Release|Any CPU
		{8C01147F-923F-4394-A100-D22E2558C6C6}.Release|x64.ActiveCfg = Release|Any CPU
		{8C01147F-923F-4394-A100-D22E2558C6C6}.Release|x64.Build.0 = Release|Any CPU
		{8C01147F-923F-4394-A100-D22E2558C6C6}.Release|x86.ActiveCfg = Release|Any CPU
		{8C01147F-923F-4394-A100-D22E2558C6C6}.Release|x86.Build.0 = Release|Any CPU
		{965AF17D-15A9-474F-8CD7-75FF1E2E7821}.Debug|Any CPU.ActiveCfg = Debug|Any CPU
		{965AF17D-15A9-474F-8CD7-75FF1E2E7821}.Debug|Any CPU.Build.0 = Debug|Any CPU
		{965AF17D-15A9-474F-8CD7-75FF1E2E7821}.Debug|x64.ActiveCfg = Debug|Any CPU
		{965AF17D-15A9-474F-8CD7-75FF1E2E7821}.Debug|x64.Build.0 = Debug|Any CPU
		{965AF17D-15A9-474F-8CD7-75FF1E2E7821}.Debug|x86.ActiveCfg = Debug|Any CPU
		{965AF17D-15A9-474F-8CD7-75FF1E2E7821}.Debug|x86.Build.0 = Debug|Any CPU
		{965AF17D-15A9-474F-8CD7-75FF1E2E7821}.Release|Any CPU.ActiveCfg = Release|Any CPU
		{965AF17D-15A9-474F-8CD7-75FF1E2E7821}.Release|Any CPU.Build.0 = Release|Any CPU
		{965AF17D-15A9-474F-8CD7-75FF1E2E7821}.Release|x64.ActiveCfg = Release|Any CPU
		{965AF17D-15A9-474F-8CD7-75FF1E2E7821}.Release|x64.Build.0 = Release|Any CPU
		{965AF17D-15A9-474F-8CD7-75FF1E2E7821}.Release|x86.ActiveCfg = Release|Any CPU
		{965AF17D-15A9-474F-8CD7-75FF1E2E7821}.Release|x86.Build.0 = Release|Any CPU
		{60A45F55-5AC3-4C66-B64A-301296FAC4F0}.Debug|Any CPU.ActiveCfg = Debug|Any CPU
		{60A45F55-5AC3-4C66-B64A-301296FAC4F0}.Debug|Any CPU.Build.0 = Debug|Any CPU
		{60A45F55-5AC3-4C66-B64A-301296FAC4F0}.Debug|x64.ActiveCfg = Debug|Any CPU
		{60A45F55-5AC3-4C66-B64A-301296FAC4F0}.Debug|x64.Build.0 = Debug|Any CPU
		{60A45F55-5AC3-4C66-B64A-301296FAC4F0}.Debug|x86.ActiveCfg = Debug|Any CPU
		{60A45F55-5AC3-4C66-B64A-301296FAC4F0}.Debug|x86.Build.0 = Debug|Any CPU
		{60A45F55-5AC3-4C66-B64A-301296FAC4F0}.Release|Any CPU.ActiveCfg = Release|Any CPU
		{60A45F55-5AC3-4C66-B64A-301296FAC4F0}.Release|Any CPU.Build.0 = Release|Any CPU
		{60A45F55-5AC3-4C66-B64A-301296FAC4F0}.Release|x64.ActiveCfg = Release|Any CPU
		{60A45F55-5AC3-4C66-B64A-301296FAC4F0}.Release|x64.Build.0 = Release|Any CPU
		{60A45F55-5AC3-4C66-B64A-301296FAC4F0}.Release|x86.ActiveCfg = Release|Any CPU
		{60A45F55-5AC3-4C66-B64A-301296FAC4F0}.Release|x86.Build.0 = Release|Any CPU
		{3A583C4C-6728-483B-BF25-E689A69D4A99}.Debug|Any CPU.ActiveCfg = Debug|Any CPU
		{3A583C4C-6728-483B-BF25-E689A69D4A99}.Debug|Any CPU.Build.0 = Debug|Any CPU
		{3A583C4C-6728-483B-BF25-E689A69D4A99}.Debug|x64.ActiveCfg = Debug|Any CPU
		{3A583C4C-6728-483B-BF25-E689A69D4A99}.Debug|x64.Build.0 = Debug|Any CPU
		{3A583C4C-6728-483B-BF25-E689A69D4A99}.Debug|x86.ActiveCfg = Debug|Any CPU
		{3A583C4C-6728-483B-BF25-E689A69D4A99}.Debug|x86.Build.0 = Debug|Any CPU
		{3A583C4C-6728-483B-BF25-E689A69D4A99}.Release|Any CPU.ActiveCfg = Release|Any CPU
		{3A583C4C-6728-483B-BF25-E689A69D4A99}.Release|Any CPU.Build.0 = Release|Any CPU
		{3A583C4C-6728-483B-BF25-E689A69D4A99}.Release|x64.ActiveCfg = Release|Any CPU
		{3A583C4C-6728-483B-BF25-E689A69D4A99}.Release|x64.Build.0 = Release|Any CPU
		{3A583C4C-6728-483B-BF25-E689A69D4A99}.Release|x86.ActiveCfg = Release|Any CPU
		{3A583C4C-6728-483B-BF25-E689A69D4A99}.Release|x86.Build.0 = Release|Any CPU
		{AD42C97B-F07D-4D91-A676-B05182098A2C}.Debug|Any CPU.ActiveCfg = Debug|Any CPU
		{AD42C97B-F07D-4D91-A676-B05182098A2C}.Debug|Any CPU.Build.0 = Debug|Any CPU
		{AD42C97B-F07D-4D91-A676-B05182098A2C}.Debug|x64.ActiveCfg = Debug|Any CPU
		{AD42C97B-F07D-4D91-A676-B05182098A2C}.Debug|x64.Build.0 = Debug|Any CPU
		{AD42C97B-F07D-4D91-A676-B05182098A2C}.Debug|x86.ActiveCfg = Debug|Any CPU
		{AD42C97B-F07D-4D91-A676-B05182098A2C}.Debug|x86.Build.0 = Debug|Any CPU
		{AD42C97B-F07D-4D91-A676-B05182098A2C}.Release|Any CPU.ActiveCfg = Release|Any CPU
		{AD42C97B-F07D-4D91-A676-B05182098A2C}.Release|Any CPU.Build.0 = Release|Any CPU
		{AD42C97B-F07D-4D91-A676-B05182098A2C}.Release|x64.ActiveCfg = Release|Any CPU
		{AD42C97B-F07D-4D91-A676-B05182098A2C}.Release|x64.Build.0 = Release|Any CPU
		{AD42C97B-F07D-4D91-A676-B05182098A2C}.Release|x86.ActiveCfg = Release|Any CPU
		{AD42C97B-F07D-4D91-A676-B05182098A2C}.Release|x86.Build.0 = Release|Any CPU
		{2EECED73-CFDC-49DA-AB71-1D1139F495FE}.Debug|Any CPU.ActiveCfg = Debug|Any CPU
		{2EECED73-CFDC-49DA-AB71-1D1139F495FE}.Debug|Any CPU.Build.0 = Debug|Any CPU
		{2EECED73-CFDC-49DA-AB71-1D1139F495FE}.Debug|x64.ActiveCfg = Debug|Any CPU
		{2EECED73-CFDC-49DA-AB71-1D1139F495FE}.Debug|x64.Build.0 = Debug|Any CPU
		{2EECED73-CFDC-49DA-AB71-1D1139F495FE}.Debug|x86.ActiveCfg = Debug|Any CPU
		{2EECED73-CFDC-49DA-AB71-1D1139F495FE}.Debug|x86.Build.0 = Debug|Any CPU
		{2EECED73-CFDC-49DA-AB71-1D1139F495FE}.Release|Any CPU.ActiveCfg = Release|Any CPU
		{2EECED73-CFDC-49DA-AB71-1D1139F495FE}.Release|Any CPU.Build.0 = Release|Any CPU
		{2EECED73-CFDC-49DA-AB71-1D1139F495FE}.Release|x64.ActiveCfg = Release|Any CPU
		{2EECED73-CFDC-49DA-AB71-1D1139F495FE}.Release|x64.Build.0 = Release|Any CPU
		{2EECED73-CFDC-49DA-AB71-1D1139F495FE}.Release|x86.ActiveCfg = Release|Any CPU
		{2EECED73-CFDC-49DA-AB71-1D1139F495FE}.Release|x86.Build.0 = Release|Any CPU
		{B30BAC3E-B12D-48DF-A2A2-8F1F2E12C59D}.Debug|Any CPU.ActiveCfg = Debug|Any CPU
		{B30BAC3E-B12D-48DF-A2A2-8F1F2E12C59D}.Debug|Any CPU.Build.0 = Debug|Any CPU
		{B30BAC3E-B12D-48DF-A2A2-8F1F2E12C59D}.Debug|x64.ActiveCfg = Debug|Any CPU
		{B30BAC3E-B12D-48DF-A2A2-8F1F2E12C59D}.Debug|x64.Build.0 = Debug|Any CPU
		{B30BAC3E-B12D-48DF-A2A2-8F1F2E12C59D}.Debug|x86.ActiveCfg = Debug|Any CPU
		{B30BAC3E-B12D-48DF-A2A2-8F1F2E12C59D}.Debug|x86.Build.0 = Debug|Any CPU
		{B30BAC3E-B12D-48DF-A2A2-8F1F2E12C59D}.Release|Any CPU.ActiveCfg = Release|Any CPU
		{B30BAC3E-B12D-48DF-A2A2-8F1F2E12C59D}.Release|Any CPU.Build.0 = Release|Any CPU
		{B30BAC3E-B12D-48DF-A2A2-8F1F2E12C59D}.Release|x64.ActiveCfg = Release|Any CPU
		{B30BAC3E-B12D-48DF-A2A2-8F1F2E12C59D}.Release|x64.Build.0 = Release|Any CPU
		{B30BAC3E-B12D-48DF-A2A2-8F1F2E12C59D}.Release|x86.ActiveCfg = Release|Any CPU
		{B30BAC3E-B12D-48DF-A2A2-8F1F2E12C59D}.Release|x86.Build.0 = Release|Any CPU
		{E7559541-CA44-4795-8C55-CEEBBB8F0599}.Debug|Any CPU.ActiveCfg = Debug|Any CPU
		{E7559541-CA44-4795-8C55-CEEBBB8F0599}.Debug|Any CPU.Build.0 = Debug|Any CPU
		{E7559541-CA44-4795-8C55-CEEBBB8F0599}.Debug|x64.ActiveCfg = Debug|Any CPU
		{E7559541-CA44-4795-8C55-CEEBBB8F0599}.Debug|x64.Build.0 = Debug|Any CPU
		{E7559541-CA44-4795-8C55-CEEBBB8F0599}.Debug|x86.ActiveCfg = Debug|Any CPU
		{E7559541-CA44-4795-8C55-CEEBBB8F0599}.Debug|x86.Build.0 = Debug|Any CPU
		{E7559541-CA44-4795-8C55-CEEBBB8F0599}.Release|Any CPU.ActiveCfg = Release|Any CPU
		{E7559541-CA44-4795-8C55-CEEBBB8F0599}.Release|Any CPU.Build.0 = Release|Any CPU
		{E7559541-CA44-4795-8C55-CEEBBB8F0599}.Release|x64.ActiveCfg = Release|Any CPU
		{E7559541-CA44-4795-8C55-CEEBBB8F0599}.Release|x64.Build.0 = Release|Any CPU
		{E7559541-CA44-4795-8C55-CEEBBB8F0599}.Release|x86.ActiveCfg = Release|Any CPU
		{E7559541-CA44-4795-8C55-CEEBBB8F0599}.Release|x86.Build.0 = Release|Any CPU
		{FF5A12D6-6FE6-4A41-ABCF-A0FE433C52AB}.Debug|Any CPU.ActiveCfg = Debug|Any CPU
		{FF5A12D6-6FE6-4A41-ABCF-A0FE433C52AB}.Debug|Any CPU.Build.0 = Debug|Any CPU
		{FF5A12D6-6FE6-4A41-ABCF-A0FE433C52AB}.Debug|x64.ActiveCfg = Debug|Any CPU
		{FF5A12D6-6FE6-4A41-ABCF-A0FE433C52AB}.Debug|x64.Build.0 = Debug|Any CPU
		{FF5A12D6-6FE6-4A41-ABCF-A0FE433C52AB}.Debug|x86.ActiveCfg = Debug|Any CPU
		{FF5A12D6-6FE6-4A41-ABCF-A0FE433C52AB}.Debug|x86.Build.0 = Debug|Any CPU
		{FF5A12D6-6FE6-4A41-ABCF-A0FE433C52AB}.Release|Any CPU.ActiveCfg = Release|Any CPU
		{FF5A12D6-6FE6-4A41-ABCF-A0FE433C52AB}.Release|Any CPU.Build.0 = Release|Any CPU
		{FF5A12D6-6FE6-4A41-ABCF-A0FE433C52AB}.Release|x64.ActiveCfg = Release|Any CPU
		{FF5A12D6-6FE6-4A41-ABCF-A0FE433C52AB}.Release|x64.Build.0 = Release|Any CPU
		{FF5A12D6-6FE6-4A41-ABCF-A0FE433C52AB}.Release|x86.ActiveCfg = Release|Any CPU
		{FF5A12D6-6FE6-4A41-ABCF-A0FE433C52AB}.Release|x86.Build.0 = Release|Any CPU
		{4B946A20-57E8-46FE-9FFB-17600808B20B}.Debug|Any CPU.ActiveCfg = Debug|Any CPU
		{4B946A20-57E8-46FE-9FFB-17600808B20B}.Debug|Any CPU.Build.0 = Debug|Any CPU
		{4B946A20-57E8-46FE-9FFB-17600808B20B}.Debug|x64.ActiveCfg = Debug|Any CPU
		{4B946A20-57E8-46FE-9FFB-17600808B20B}.Debug|x64.Build.0 = Debug|Any CPU
		{4B946A20-57E8-46FE-9FFB-17600808B20B}.Debug|x86.ActiveCfg = Debug|Any CPU
		{4B946A20-57E8-46FE-9FFB-17600808B20B}.Debug|x86.Build.0 = Debug|Any CPU
		{4B946A20-57E8-46FE-9FFB-17600808B20B}.Release|Any CPU.ActiveCfg = Release|Any CPU
		{4B946A20-57E8-46FE-9FFB-17600808B20B}.Release|Any CPU.Build.0 = Release|Any CPU
		{4B946A20-57E8-46FE-9FFB-17600808B20B}.Release|x64.ActiveCfg = Release|Any CPU
		{4B946A20-57E8-46FE-9FFB-17600808B20B}.Release|x64.Build.0 = Release|Any CPU
		{4B946A20-57E8-46FE-9FFB-17600808B20B}.Release|x86.ActiveCfg = Release|Any CPU
		{4B946A20-57E8-46FE-9FFB-17600808B20B}.Release|x86.Build.0 = Release|Any CPU
		{04DB8AA8-AA6B-41DC-8C7C-9E74A80D31E8}.Debug|Any CPU.ActiveCfg = Debug|Any CPU
		{04DB8AA8-AA6B-41DC-8C7C-9E74A80D31E8}.Debug|Any CPU.Build.0 = Debug|Any CPU
		{04DB8AA8-AA6B-41DC-8C7C-9E74A80D31E8}.Debug|x64.ActiveCfg = Debug|Any CPU
		{04DB8AA8-AA6B-41DC-8C7C-9E74A80D31E8}.Debug|x64.Build.0 = Debug|Any CPU
		{04DB8AA8-AA6B-41DC-8C7C-9E74A80D31E8}.Debug|x86.ActiveCfg = Debug|Any CPU
		{04DB8AA8-AA6B-41DC-8C7C-9E74A80D31E8}.Debug|x86.Build.0 = Debug|Any CPU
		{04DB8AA8-AA6B-41DC-8C7C-9E74A80D31E8}.Release|Any CPU.ActiveCfg = Release|Any CPU
		{04DB8AA8-AA6B-41DC-8C7C-9E74A80D31E8}.Release|Any CPU.Build.0 = Release|Any CPU
		{04DB8AA8-AA6B-41DC-8C7C-9E74A80D31E8}.Release|x64.ActiveCfg = Release|Any CPU
		{04DB8AA8-AA6B-41DC-8C7C-9E74A80D31E8}.Release|x64.Build.0 = Release|Any CPU
		{04DB8AA8-AA6B-41DC-8C7C-9E74A80D31E8}.Release|x86.ActiveCfg = Release|Any CPU
		{04DB8AA8-AA6B-41DC-8C7C-9E74A80D31E8}.Release|x86.Build.0 = Release|Any CPU
		{557699A8-E53C-414A-A6DB-AF6EBA0CFB1E}.Debug|Any CPU.ActiveCfg = Debug|Any CPU
		{557699A8-E53C-414A-A6DB-AF6EBA0CFB1E}.Debug|Any CPU.Build.0 = Debug|Any CPU
		{557699A8-E53C-414A-A6DB-AF6EBA0CFB1E}.Debug|x64.ActiveCfg = Debug|Any CPU
		{557699A8-E53C-414A-A6DB-AF6EBA0CFB1E}.Debug|x64.Build.0 = Debug|Any CPU
		{557699A8-E53C-414A-A6DB-AF6EBA0CFB1E}.Debug|x86.ActiveCfg = Debug|Any CPU
		{557699A8-E53C-414A-A6DB-AF6EBA0CFB1E}.Debug|x86.Build.0 = Debug|Any CPU
		{557699A8-E53C-414A-A6DB-AF6EBA0CFB1E}.Release|Any CPU.ActiveCfg = Release|Any CPU
		{557699A8-E53C-414A-A6DB-AF6EBA0CFB1E}.Release|Any CPU.Build.0 = Release|Any CPU
		{557699A8-E53C-414A-A6DB-AF6EBA0CFB1E}.Release|x64.ActiveCfg = Release|Any CPU
		{557699A8-E53C-414A-A6DB-AF6EBA0CFB1E}.Release|x64.Build.0 = Release|Any CPU
		{557699A8-E53C-414A-A6DB-AF6EBA0CFB1E}.Release|x86.ActiveCfg = Release|Any CPU
		{557699A8-E53C-414A-A6DB-AF6EBA0CFB1E}.Release|x86.Build.0 = Release|Any CPU
		{36CE606D-CFA6-4C3E-B42C-4A0A2939E933}.Debug|Any CPU.ActiveCfg = Debug|Any CPU
		{36CE606D-CFA6-4C3E-B42C-4A0A2939E933}.Debug|Any CPU.Build.0 = Debug|Any CPU
		{36CE606D-CFA6-4C3E-B42C-4A0A2939E933}.Debug|x64.ActiveCfg = Debug|Any CPU
		{36CE606D-CFA6-4C3E-B42C-4A0A2939E933}.Debug|x64.Build.0 = Debug|Any CPU
		{36CE606D-CFA6-4C3E-B42C-4A0A2939E933}.Debug|x86.ActiveCfg = Debug|Any CPU
		{36CE606D-CFA6-4C3E-B42C-4A0A2939E933}.Debug|x86.Build.0 = Debug|Any CPU
		{36CE606D-CFA6-4C3E-B42C-4A0A2939E933}.Release|Any CPU.ActiveCfg = Release|Any CPU
		{36CE606D-CFA6-4C3E-B42C-4A0A2939E933}.Release|Any CPU.Build.0 = Release|Any CPU
		{36CE606D-CFA6-4C3E-B42C-4A0A2939E933}.Release|x64.ActiveCfg = Release|Any CPU
		{36CE606D-CFA6-4C3E-B42C-4A0A2939E933}.Release|x64.Build.0 = Release|Any CPU
		{36CE606D-CFA6-4C3E-B42C-4A0A2939E933}.Release|x86.ActiveCfg = Release|Any CPU
		{36CE606D-CFA6-4C3E-B42C-4A0A2939E933}.Release|x86.Build.0 = Release|Any CPU
		{4C952601-D94B-47C1-A75B-59F08F7D2394}.Debug|Any CPU.ActiveCfg = Debug|Any CPU
		{4C952601-D94B-47C1-A75B-59F08F7D2394}.Debug|Any CPU.Build.0 = Debug|Any CPU
		{4C952601-D94B-47C1-A75B-59F08F7D2394}.Debug|x64.ActiveCfg = Debug|Any CPU
		{4C952601-D94B-47C1-A75B-59F08F7D2394}.Debug|x64.Build.0 = Debug|Any CPU
		{4C952601-D94B-47C1-A75B-59F08F7D2394}.Debug|x86.ActiveCfg = Debug|Any CPU
		{4C952601-D94B-47C1-A75B-59F08F7D2394}.Debug|x86.Build.0 = Debug|Any CPU
		{4C952601-D94B-47C1-A75B-59F08F7D2394}.Release|Any CPU.ActiveCfg = Release|Any CPU
		{4C952601-D94B-47C1-A75B-59F08F7D2394}.Release|Any CPU.Build.0 = Release|Any CPU
		{4C952601-D94B-47C1-A75B-59F08F7D2394}.Release|x64.ActiveCfg = Release|Any CPU
		{4C952601-D94B-47C1-A75B-59F08F7D2394}.Release|x64.Build.0 = Release|Any CPU
		{4C952601-D94B-47C1-A75B-59F08F7D2394}.Release|x86.ActiveCfg = Release|Any CPU
		{4C952601-D94B-47C1-A75B-59F08F7D2394}.Release|x86.Build.0 = Release|Any CPU
		{C77E41EF-3F6E-4B18-BCDB-85782E968ACA}.Debug|Any CPU.ActiveCfg = Debug|Any CPU
		{C77E41EF-3F6E-4B18-BCDB-85782E968ACA}.Debug|Any CPU.Build.0 = Debug|Any CPU
		{C77E41EF-3F6E-4B18-BCDB-85782E968ACA}.Debug|x64.ActiveCfg = Debug|Any CPU
		{C77E41EF-3F6E-4B18-BCDB-85782E968ACA}.Debug|x64.Build.0 = Debug|Any CPU
		{C77E41EF-3F6E-4B18-BCDB-85782E968ACA}.Debug|x86.ActiveCfg = Debug|Any CPU
		{C77E41EF-3F6E-4B18-BCDB-85782E968ACA}.Debug|x86.Build.0 = Debug|Any CPU
		{C77E41EF-3F6E-4B18-BCDB-85782E968ACA}.Release|Any CPU.ActiveCfg = Release|Any CPU
		{C77E41EF-3F6E-4B18-BCDB-85782E968ACA}.Release|Any CPU.Build.0 = Release|Any CPU
		{C77E41EF-3F6E-4B18-BCDB-85782E968ACA}.Release|x64.ActiveCfg = Release|Any CPU
		{C77E41EF-3F6E-4B18-BCDB-85782E968ACA}.Release|x64.Build.0 = Release|Any CPU
		{C77E41EF-3F6E-4B18-BCDB-85782E968ACA}.Release|x86.ActiveCfg = Release|Any CPU
		{C77E41EF-3F6E-4B18-BCDB-85782E968ACA}.Release|x86.Build.0 = Release|Any CPU
		{49F6D6C0-F3CD-41ED-B9A1-6571673FDE39}.Debug|Any CPU.ActiveCfg = Debug|Any CPU
		{49F6D6C0-F3CD-41ED-B9A1-6571673FDE39}.Debug|Any CPU.Build.0 = Debug|Any CPU
		{49F6D6C0-F3CD-41ED-B9A1-6571673FDE39}.Debug|x64.ActiveCfg = Debug|Any CPU
		{49F6D6C0-F3CD-41ED-B9A1-6571673FDE39}.Debug|x64.Build.0 = Debug|Any CPU
		{49F6D6C0-F3CD-41ED-B9A1-6571673FDE39}.Debug|x86.ActiveCfg = Debug|Any CPU
		{49F6D6C0-F3CD-41ED-B9A1-6571673FDE39}.Debug|x86.Build.0 = Debug|Any CPU
		{49F6D6C0-F3CD-41ED-B9A1-6571673FDE39}.Release|Any CPU.ActiveCfg = Release|Any CPU
		{49F6D6C0-F3CD-41ED-B9A1-6571673FDE39}.Release|Any CPU.Build.0 = Release|Any CPU
		{49F6D6C0-F3CD-41ED-B9A1-6571673FDE39}.Release|x64.ActiveCfg = Release|Any CPU
		{49F6D6C0-F3CD-41ED-B9A1-6571673FDE39}.Release|x64.Build.0 = Release|Any CPU
		{49F6D6C0-F3CD-41ED-B9A1-6571673FDE39}.Release|x86.ActiveCfg = Release|Any CPU
		{49F6D6C0-F3CD-41ED-B9A1-6571673FDE39}.Release|x86.Build.0 = Release|Any CPU
		{65145E64-728D-4B24-813E-331A8445D54B}.Debug|Any CPU.ActiveCfg = Debug|Any CPU
		{65145E64-728D-4B24-813E-331A8445D54B}.Debug|Any CPU.Build.0 = Debug|Any CPU
		{65145E64-728D-4B24-813E-331A8445D54B}.Debug|x64.ActiveCfg = Debug|Any CPU
		{65145E64-728D-4B24-813E-331A8445D54B}.Debug|x64.Build.0 = Debug|Any CPU
		{65145E64-728D-4B24-813E-331A8445D54B}.Debug|x86.ActiveCfg = Debug|Any CPU
		{65145E64-728D-4B24-813E-331A8445D54B}.Debug|x86.Build.0 = Debug|Any CPU
		{65145E64-728D-4B24-813E-331A8445D54B}.Release|Any CPU.ActiveCfg = Release|Any CPU
		{65145E64-728D-4B24-813E-331A8445D54B}.Release|Any CPU.Build.0 = Release|Any CPU
		{65145E64-728D-4B24-813E-331A8445D54B}.Release|x64.ActiveCfg = Release|Any CPU
		{65145E64-728D-4B24-813E-331A8445D54B}.Release|x64.Build.0 = Release|Any CPU
		{65145E64-728D-4B24-813E-331A8445D54B}.Release|x86.ActiveCfg = Release|Any CPU
		{65145E64-728D-4B24-813E-331A8445D54B}.Release|x86.Build.0 = Release|Any CPU
		{5C113394-AFEC-4E3C-9CAD-C6478FFC1B67}.Debug|Any CPU.ActiveCfg = Debug|Any CPU
		{5C113394-AFEC-4E3C-9CAD-C6478FFC1B67}.Debug|Any CPU.Build.0 = Debug|Any CPU
		{5C113394-AFEC-4E3C-9CAD-C6478FFC1B67}.Debug|x64.ActiveCfg = Debug|Any CPU
		{5C113394-AFEC-4E3C-9CAD-C6478FFC1B67}.Debug|x64.Build.0 = Debug|Any CPU
		{5C113394-AFEC-4E3C-9CAD-C6478FFC1B67}.Debug|x86.ActiveCfg = Debug|Any CPU
		{5C113394-AFEC-4E3C-9CAD-C6478FFC1B67}.Debug|x86.Build.0 = Debug|Any CPU
		{5C113394-AFEC-4E3C-9CAD-C6478FFC1B67}.Release|Any CPU.ActiveCfg = Release|Any CPU
		{5C113394-AFEC-4E3C-9CAD-C6478FFC1B67}.Release|Any CPU.Build.0 = Release|Any CPU
		{5C113394-AFEC-4E3C-9CAD-C6478FFC1B67}.Release|x64.ActiveCfg = Release|Any CPU
		{5C113394-AFEC-4E3C-9CAD-C6478FFC1B67}.Release|x64.Build.0 = Release|Any CPU
		{5C113394-AFEC-4E3C-9CAD-C6478FFC1B67}.Release|x86.ActiveCfg = Release|Any CPU
		{5C113394-AFEC-4E3C-9CAD-C6478FFC1B67}.Release|x86.Build.0 = Release|Any CPU
		{F4AF2CC3-FCE7-41DF-9DA9-BDD33C2466E1}.Debug|Any CPU.ActiveCfg = Debug|Any CPU
		{F4AF2CC3-FCE7-41DF-9DA9-BDD33C2466E1}.Debug|Any CPU.Build.0 = Debug|Any CPU
		{F4AF2CC3-FCE7-41DF-9DA9-BDD33C2466E1}.Debug|x64.ActiveCfg = Debug|Any CPU
		{F4AF2CC3-FCE7-41DF-9DA9-BDD33C2466E1}.Debug|x64.Build.0 = Debug|Any CPU
		{F4AF2CC3-FCE7-41DF-9DA9-BDD33C2466E1}.Debug|x86.ActiveCfg = Debug|Any CPU
		{F4AF2CC3-FCE7-41DF-9DA9-BDD33C2466E1}.Debug|x86.Build.0 = Debug|Any CPU
		{F4AF2CC3-FCE7-41DF-9DA9-BDD33C2466E1}.Release|Any CPU.ActiveCfg = Release|Any CPU
		{F4AF2CC3-FCE7-41DF-9DA9-BDD33C2466E1}.Release|Any CPU.Build.0 = Release|Any CPU
		{F4AF2CC3-FCE7-41DF-9DA9-BDD33C2466E1}.Release|x64.ActiveCfg = Release|Any CPU
		{F4AF2CC3-FCE7-41DF-9DA9-BDD33C2466E1}.Release|x64.Build.0 = Release|Any CPU
		{F4AF2CC3-FCE7-41DF-9DA9-BDD33C2466E1}.Release|x86.ActiveCfg = Release|Any CPU
		{F4AF2CC3-FCE7-41DF-9DA9-BDD33C2466E1}.Release|x86.Build.0 = Release|Any CPU
		{7861AD23-9159-4BC0-BDB7-292EB5C55BBE}.Debug|Any CPU.ActiveCfg = Debug|Any CPU
		{7861AD23-9159-4BC0-BDB7-292EB5C55BBE}.Debug|Any CPU.Build.0 = Debug|Any CPU
		{7861AD23-9159-4BC0-BDB7-292EB5C55BBE}.Debug|x64.ActiveCfg = Debug|Any CPU
		{7861AD23-9159-4BC0-BDB7-292EB5C55BBE}.Debug|x64.Build.0 = Debug|Any CPU
		{7861AD23-9159-4BC0-BDB7-292EB5C55BBE}.Debug|x86.ActiveCfg = Debug|Any CPU
		{7861AD23-9159-4BC0-BDB7-292EB5C55BBE}.Debug|x86.Build.0 = Debug|Any CPU
		{7861AD23-9159-4BC0-BDB7-292EB5C55BBE}.Release|Any CPU.ActiveCfg = Release|Any CPU
		{7861AD23-9159-4BC0-BDB7-292EB5C55BBE}.Release|Any CPU.Build.0 = Release|Any CPU
		{7861AD23-9159-4BC0-BDB7-292EB5C55BBE}.Release|x64.ActiveCfg = Release|Any CPU
		{7861AD23-9159-4BC0-BDB7-292EB5C55BBE}.Release|x64.Build.0 = Release|Any CPU
		{7861AD23-9159-4BC0-BDB7-292EB5C55BBE}.Release|x86.ActiveCfg = Release|Any CPU
		{7861AD23-9159-4BC0-BDB7-292EB5C55BBE}.Release|x86.Build.0 = Release|Any CPU
		{16D08F28-D073-4190-8A3B-8EEF7EAD5FF5}.Debug|Any CPU.ActiveCfg = Debug|Any CPU
		{16D08F28-D073-4190-8A3B-8EEF7EAD5FF5}.Debug|Any CPU.Build.0 = Debug|Any CPU
		{16D08F28-D073-4190-8A3B-8EEF7EAD5FF5}.Debug|x64.ActiveCfg = Debug|Any CPU
		{16D08F28-D073-4190-8A3B-8EEF7EAD5FF5}.Debug|x64.Build.0 = Debug|Any CPU
		{16D08F28-D073-4190-8A3B-8EEF7EAD5FF5}.Debug|x86.ActiveCfg = Debug|Any CPU
		{16D08F28-D073-4190-8A3B-8EEF7EAD5FF5}.Debug|x86.Build.0 = Debug|Any CPU
		{16D08F28-D073-4190-8A3B-8EEF7EAD5FF5}.Release|Any CPU.ActiveCfg = Release|Any CPU
		{16D08F28-D073-4190-8A3B-8EEF7EAD5FF5}.Release|Any CPU.Build.0 = Release|Any CPU
		{16D08F28-D073-4190-8A3B-8EEF7EAD5FF5}.Release|x64.ActiveCfg = Release|Any CPU
		{16D08F28-D073-4190-8A3B-8EEF7EAD5FF5}.Release|x64.Build.0 = Release|Any CPU
		{16D08F28-D073-4190-8A3B-8EEF7EAD5FF5}.Release|x86.ActiveCfg = Release|Any CPU
		{16D08F28-D073-4190-8A3B-8EEF7EAD5FF5}.Release|x86.Build.0 = Release|Any CPU
		{B121501E-5531-4FC6-A565-67767F9C81C5}.Debug|Any CPU.ActiveCfg = Debug|Any CPU
		{B121501E-5531-4FC6-A565-67767F9C81C5}.Debug|Any CPU.Build.0 = Debug|Any CPU
		{B121501E-5531-4FC6-A565-67767F9C81C5}.Debug|x64.ActiveCfg = Debug|Any CPU
		{B121501E-5531-4FC6-A565-67767F9C81C5}.Debug|x64.Build.0 = Debug|Any CPU
		{B121501E-5531-4FC6-A565-67767F9C81C5}.Debug|x86.ActiveCfg = Debug|Any CPU
		{B121501E-5531-4FC6-A565-67767F9C81C5}.Debug|x86.Build.0 = Debug|Any CPU
		{B121501E-5531-4FC6-A565-67767F9C81C5}.Release|Any CPU.ActiveCfg = Release|Any CPU
		{B121501E-5531-4FC6-A565-67767F9C81C5}.Release|Any CPU.Build.0 = Release|Any CPU
		{B121501E-5531-4FC6-A565-67767F9C81C5}.Release|x64.ActiveCfg = Release|Any CPU
		{B121501E-5531-4FC6-A565-67767F9C81C5}.Release|x64.Build.0 = Release|Any CPU
		{B121501E-5531-4FC6-A565-67767F9C81C5}.Release|x86.ActiveCfg = Release|Any CPU
		{B121501E-5531-4FC6-A565-67767F9C81C5}.Release|x86.Build.0 = Release|Any CPU
		{BF340E91-F2D6-4CD4-B02F-E861471444F0}.Debug|Any CPU.ActiveCfg = Debug|Any CPU
		{BF340E91-F2D6-4CD4-B02F-E861471444F0}.Debug|Any CPU.Build.0 = Debug|Any CPU
		{BF340E91-F2D6-4CD4-B02F-E861471444F0}.Debug|x64.ActiveCfg = Debug|Any CPU
		{BF340E91-F2D6-4CD4-B02F-E861471444F0}.Debug|x64.Build.0 = Debug|Any CPU
		{BF340E91-F2D6-4CD4-B02F-E861471444F0}.Debug|x86.ActiveCfg = Debug|Any CPU
		{BF340E91-F2D6-4CD4-B02F-E861471444F0}.Debug|x86.Build.0 = Debug|Any CPU
		{BF340E91-F2D6-4CD4-B02F-E861471444F0}.Release|Any CPU.ActiveCfg = Release|Any CPU
		{BF340E91-F2D6-4CD4-B02F-E861471444F0}.Release|Any CPU.Build.0 = Release|Any CPU
		{BF340E91-F2D6-4CD4-B02F-E861471444F0}.Release|x64.ActiveCfg = Release|Any CPU
		{BF340E91-F2D6-4CD4-B02F-E861471444F0}.Release|x64.Build.0 = Release|Any CPU
		{BF340E91-F2D6-4CD4-B02F-E861471444F0}.Release|x86.ActiveCfg = Release|Any CPU
		{BF340E91-F2D6-4CD4-B02F-E861471444F0}.Release|x86.Build.0 = Release|Any CPU
	EndGlobalSection
	GlobalSection(SolutionProperties) = preSolution
		HideSolutionNode = FALSE
	EndGlobalSection
	GlobalSection(NestedProjects) = preSolution
		{20C783D0-E956-4E98-A67C-CC0C68F00E97} = {AD48B622-8E24-4454-9231-F814A288E7F3}
		{B8236BC5-5AE8-4D86-963F-AB706DBBCD8A} = {AD48B622-8E24-4454-9231-F814A288E7F3}
		{8C01147F-923F-4394-A100-D22E2558C6C6} = {AD48B622-8E24-4454-9231-F814A288E7F3}
		{965AF17D-15A9-474F-8CD7-75FF1E2E7821} = {60977292-2337-41EC-81B7-CD603B9D8AA9}
		{60A45F55-5AC3-4C66-B64A-301296FAC4F0} = {60977292-2337-41EC-81B7-CD603B9D8AA9}
		{3A583C4C-6728-483B-BF25-E689A69D4A99} = {0B699F47-389C-43DE-929D-A5941C324E9A}
		{AD42C97B-F07D-4D91-A676-B05182098A2C} = {0B699F47-389C-43DE-929D-A5941C324E9A}
		{2EECED73-CFDC-49DA-AB71-1D1139F495FE} = {0B699F47-389C-43DE-929D-A5941C324E9A}
		{E7559541-CA44-4795-8C55-CEEBBB8F0599} = {0B699F47-389C-43DE-929D-A5941C324E9A}
		{FF5A12D6-6FE6-4A41-ABCF-A0FE433C52AB} = {996CEBED-A05B-5D42-3FF0-982E087A2599}
		{4B946A20-57E8-46FE-9FFB-17600808B20B} = {A74F262E-BDE7-D5D2-89E9-785413424D0A}
		{BB45CFEA-B7AF-DBC9-841D-F654767861A6} = {996CEBED-A05B-5D42-3FF0-982E087A2599}
		{04DB8AA8-AA6B-41DC-8C7C-9E74A80D31E8} = {BB45CFEA-B7AF-DBC9-841D-F654767861A6}
		{C964A823-D2D8-C08D-EB74-6A39A5939D43} = {996CEBED-A05B-5D42-3FF0-982E087A2599}
		{557699A8-E53C-414A-A6DB-AF6EBA0CFB1E} = {C964A823-D2D8-C08D-EB74-6A39A5939D43}
		{60B3560F-8A13-EE8D-02B4-F4FC3856EA61} = {996CEBED-A05B-5D42-3FF0-982E087A2599}
		{36CE606D-CFA6-4C3E-B42C-4A0A2939E933} = {60B3560F-8A13-EE8D-02B4-F4FC3856EA61}
		{803C8C4F-EE16-7456-6AAC-7E9B1796442E} = {996CEBED-A05B-5D42-3FF0-982E087A2599}
		{4C952601-D94B-47C1-A75B-59F08F7D2394} = {803C8C4F-EE16-7456-6AAC-7E9B1796442E}
		{8A3E07F9-60E6-5392-5221-D458ACB35054} = {DFEE68D8-A7D0-1A41-506C-9B74AA9A7B7B}
		{C77E41EF-3F6E-4B18-BCDB-85782E968ACA} = {8A3E07F9-60E6-5392-5221-D458ACB35054}
		{49F6D6C0-F3CD-41ED-B9A1-6571673FDE39} = {DFEE68D8-A7D0-1A41-506C-9B74AA9A7B7B}
		{8B564700-F21B-F21A-ADC0-39EDE1AD3F82} = {DFEE68D8-A7D0-1A41-506C-9B74AA9A7B7B}
		{65145E64-728D-4B24-813E-331A8445D54B} = {8B564700-F21B-F21A-ADC0-39EDE1AD3F82}
		{34870398-2CD9-8E28-BEE8-9F95BCF7F354} = {DFEE68D8-A7D0-1A41-506C-9B74AA9A7B7B}
		{5C113394-AFEC-4E3C-9CAD-C6478FFC1B67} = {34870398-2CD9-8E28-BEE8-9F95BCF7F354}
		{5E4B0FE1-8471-0FBB-BCCC-41C5F70EC699} = {DFEE68D8-A7D0-1A41-506C-9B74AA9A7B7B}
		{F4AF2CC3-FCE7-41DF-9DA9-BDD33C2466E1} = {5E4B0FE1-8471-0FBB-BCCC-41C5F70EC699}
		{BD14B212-FDAB-48A7-9BEC-2DED23ADA1D1} = {A74F262E-BDE7-D5D2-89E9-785413424D0A}
		{7861AD23-9159-4BC0-BDB7-292EB5C55BBE} = {BD14B212-FDAB-48A7-9BEC-2DED23ADA1D1}
		{7E7A8D23-3836-A58B-60FA-571D412DD10C} = {A74F262E-BDE7-D5D2-89E9-785413424D0A}
		{16D08F28-D073-4190-8A3B-8EEF7EAD5FF5} = {7E7A8D23-3836-A58B-60FA-571D412DD10C}
		{BD5F5EA5-56B7-71C1-A922-7567A10338CD} = {A74F262E-BDE7-D5D2-89E9-785413424D0A}
		{B121501E-5531-4FC6-A565-67767F9C81C5} = {BD5F5EA5-56B7-71C1-A922-7567A10338CD}
		{EAE32559-C70E-941A-5242-754A17996FE5} = {A74F262E-BDE7-D5D2-89E9-785413424D0A}
		{BF340E91-F2D6-4CD4-B02F-E861471444F0} = {EAE32559-C70E-941A-5242-754A17996FE5}
	EndGlobalSection
	GlobalSection(ExtensibilityGlobals) = postSolution
		SolutionGuid = {58B2A3AB-7DEA-49FC-919F-1AA1E81D98FE}
	EndGlobalSection
EndGlobal
